// !$*UTF8*$!
{
	archiveVersion = 1;
	classes = {
	};
	objectVersion = 55;
	objects = {

/* Begin PBXBuildFile section */
		890CF2E42877B5E100040C79 /* securecrypto.json in Resources */ = {isa = PBXBuildFile; fileRef = 890CF2E32877B5E100040C79 /* securecrypto.json */; };
		890CF2E82877D88B00040C79 /* register.json in Resources */ = {isa = PBXBuildFile; fileRef = 890CF2E72877D88B00040C79 /* register.json */; };
		89107E9D28693F2A00C618FE /* LogueoViewController.swift in Sources */ = {isa = PBXBuildFile; fileRef = 89107E9C28693F2A00C618FE /* LogueoViewController.swift */; };
		89107E9F286946FA00C618FE /* RegistroViewController.swift in Sources */ = {isa = PBXBuildFile; fileRef = 89107E9E286946FA00C618FE /* RegistroViewController.swift */; };
		891436732870F81300E887CC /* NoticiaCrypto.swift in Sources */ = {isa = PBXBuildFile; fileRef = 891436722870F81300E887CC /* NoticiaCrypto.swift */; };
		8914367C2871033700E887CC /* DetalleRepository.swift in Sources */ = {isa = PBXBuildFile; fileRef = 8914367B2871033700E887CC /* DetalleRepository.swift */; };
		8914367E2871046C00E887CC /* DetalleLocalRepository.swift in Sources */ = {isa = PBXBuildFile; fileRef = 8914367D2871046C00E887CC /* DetalleLocalRepository.swift */; };
		891436802871112300E887CC /* DetalleResponse.swift in Sources */ = {isa = PBXBuildFile; fileRef = 8914367F2871112300E887CC /* DetalleResponse.swift */; };
		891E17DA2872347100C9D85A /* CryptoRepository.swift in Sources */ = {isa = PBXBuildFile; fileRef = 891E17D92872347100C9D85A /* CryptoRepository.swift */; };
		891E17DC287237FA00C9D85A /* CryptoRemoteRepository.swift in Sources */ = {isa = PBXBuildFile; fileRef = 891E17DB287237FA00C9D85A /* CryptoRemoteRepository.swift */; };
		893998482867AB44001B1461 /* Crypto.swift in Sources */ = {isa = PBXBuildFile; fileRef = 893998472867AB44001B1461 /* Crypto.swift */; };
		8939984A2867DF0F001B1461 /* ListaTableViewCell.swift in Sources */ = {isa = PBXBuildFile; fileRef = 893998492867DF0F001B1461 /* ListaTableViewCell.swift */; };
		89493C952877F2F200DEEE8F /* LogueoAuthRepository.swift in Sources */ = {isa = PBXBuildFile; fileRef = 89493C942877F2F200DEEE8F /* LogueoAuthRepository.swift */; };
		89493C972877F4A500DEEE8F /* RegistroRepositoryProtocol.swift in Sources */ = {isa = PBXBuildFile; fileRef = 89493C962877F4A500DEEE8F /* RegistroRepositoryProtocol.swift */; };
		89493C992877F51700DEEE8F /* LogueoRepositoryProtocol.swift in Sources */ = {isa = PBXBuildFile; fileRef = 89493C982877F51700DEEE8F /* LogueoRepositoryProtocol.swift */; };
		89493C9B2877F98500DEEE8F /* RegistroAuthRepository.swift in Sources */ = {isa = PBXBuildFile; fileRef = 89493C9A2877F98500DEEE8F /* RegistroAuthRepository.swift */; };
		895A73BA28692122006C79A2 /* GoogleService-Info.plist in Resources */ = {isa = PBXBuildFile; fileRef = 895A73B928692122006C79A2 /* GoogleService-Info.plist */; };
		8962688E285BE627003DDAA9 /* AppDelegate.swift in Sources */ = {isa = PBXBuildFile; fileRef = 8962688D285BE627003DDAA9 /* AppDelegate.swift */; };
		89626890285BE627003DDAA9 /* SceneDelegate.swift in Sources */ = {isa = PBXBuildFile; fileRef = 8962688F285BE627003DDAA9 /* SceneDelegate.swift */; };
		89626892285BE627003DDAA9 /* ViewController.swift in Sources */ = {isa = PBXBuildFile; fileRef = 89626891285BE627003DDAA9 /* ViewController.swift */; };
		89626895285BE627003DDAA9 /* Main.storyboard in Resources */ = {isa = PBXBuildFile; fileRef = 89626893285BE627003DDAA9 /* Main.storyboard */; };
		89626897285BE628003DDAA9 /* Assets.xcassets in Resources */ = {isa = PBXBuildFile; fileRef = 89626896285BE628003DDAA9 /* Assets.xcassets */; };
		8962689A285BE628003DDAA9 /* LaunchScreen.storyboard in Resources */ = {isa = PBXBuildFile; fileRef = 89626898285BE628003DDAA9 /* LaunchScreen.storyboard */; };
		8988DC33287A729000FC092E /* Usuario.swift in Sources */ = {isa = PBXBuildFile; fileRef = 8988DC32287A729000FC092E /* Usuario.swift */; };
		8988DC35287A732900FC092E /* CryptoUsuario.swift in Sources */ = {isa = PBXBuildFile; fileRef = 8988DC34287A732900FC092E /* CryptoUsuario.swift */; };
		8988DC37287A738E00FC092E /* DetalleHistorialUsuario.swift in Sources */ = {isa = PBXBuildFile; fileRef = 8988DC36287A738E00FC092E /* DetalleHistorialUsuario.swift */; };
		898B56332874F0E2008564F4 /* MensajeAlert.swift in Sources */ = {isa = PBXBuildFile; fileRef = 898B56322874F0E2008564F4 /* MensajeAlert.swift */; };
		898B5637287518FF008564F4 /* CryptoLocalRepository.swift in Sources */ = {isa = PBXBuildFile; fileRef = 898B5636287518FF008564F4 /* CryptoLocalRepository.swift */; };
		898B5639287519E0008564F4 /* CryptoResponse.swift in Sources */ = {isa = PBXBuildFile; fileRef = 898B5638287519E0008564F4 /* CryptoResponse.swift */; };
		898B563D28751A62008564F4 /* crypto_success_response.json in Resources */ = {isa = PBXBuildFile; fileRef = 898B563C28751A62008564F4 /* crypto_success_response.json */; };
		898B56412875E2C0008564F4 /* ResultadoListaTableViewCell.swift in Sources */ = {isa = PBXBuildFile; fileRef = 898B56402875E2C0008564F4 /* ResultadoListaTableViewCell.swift */; };
		898B564328763C14008564F4 /* ResultadoCryptoTableViewController.swift in Sources */ = {isa = PBXBuildFile; fileRef = 898B564228763C14008564F4 /* ResultadoCryptoTableViewController.swift */; };
		89AEE1DA287CB9FC0070D3EA /* HistorialCryptoTableViewController.swift in Sources */ = {isa = PBXBuildFile; fileRef = 89AEE1D9287CB9FC0070D3EA /* HistorialCryptoTableViewController.swift */; };
		89AEE1DC287CCDCD0070D3EA /* HistorialCryptoTableViewCell.swift in Sources */ = {isa = PBXBuildFile; fileRef = 89AEE1DB287CCDCD0070D3EA /* HistorialCryptoTableViewCell.swift */; };
		89B84EE42868125F00C619B6 /* Double.swift in Sources */ = {isa = PBXBuildFile; fileRef = 89B84EE32868125F00C619B6 /* Double.swift */; };
		89DF29172871175100E06CFA /* detalle_success_response.json in Resources */ = {isa = PBXBuildFile; fileRef = 89DF29162871175100E06CFA /* detalle_success_response.json */; };
		89DF291F287146EE00E06CFA /* DetalleViewController.swift in Sources */ = {isa = PBXBuildFile; fileRef = 89DF291E287146EE00E06CFA /* DetalleViewController.swift */; };
		89E46D98286622AA007199FD /* ListaCryptoViewController.swift in Sources */ = {isa = PBXBuildFile; fileRef = 89E46D97286622AA007199FD /* ListaCryptoViewController.swift */; };
		ED1312936EF513878C904C7B /* Pods_CryptoData.framework in Frameworks */ = {isa = PBXBuildFile; fileRef = FF9418B0B8DAE5CE057C266A /* Pods_CryptoData.framework */; };
/* End PBXBuildFile section */

/* Begin PBXFileReference section */
		3B63C34AC7166A9039276A3F /* Pods-CryptoData.debug.xcconfig */ = {isa = PBXFileReference; includeInIndex = 1; lastKnownFileType = text.xcconfig; name = "Pods-CryptoData.debug.xcconfig"; path = "Target Support Files/Pods-CryptoData/Pods-CryptoData.debug.xcconfig"; sourceTree = "<group>"; };
		890CF2E32877B5E100040C79 /* securecrypto.json */ = {isa = PBXFileReference; fileEncoding = 4; lastKnownFileType = text.json; path = securecrypto.json; sourceTree = "<group>"; };
		890CF2E72877D88B00040C79 /* register.json */ = {isa = PBXFileReference; fileEncoding = 4; lastKnownFileType = text.json; path = register.json; sourceTree = "<group>"; };
		89107E9C28693F2A00C618FE /* LogueoViewController.swift */ = {isa = PBXFileReference; lastKnownFileType = sourcecode.swift; path = LogueoViewController.swift; sourceTree = "<group>"; };
		89107E9E286946FA00C618FE /* RegistroViewController.swift */ = {isa = PBXFileReference; lastKnownFileType = sourcecode.swift; path = RegistroViewController.swift; sourceTree = "<group>"; };
		891436722870F81300E887CC /* NoticiaCrypto.swift */ = {isa = PBXFileReference; lastKnownFileType = sourcecode.swift; path = NoticiaCrypto.swift; sourceTree = "<group>"; };
		8914367B2871033700E887CC /* DetalleRepository.swift */ = {isa = PBXFileReference; lastKnownFileType = sourcecode.swift; path = DetalleRepository.swift; sourceTree = "<group>"; };
		8914367D2871046C00E887CC /* DetalleLocalRepository.swift */ = {isa = PBXFileReference; lastKnownFileType = sourcecode.swift; path = DetalleLocalRepository.swift; sourceTree = "<group>"; };
		8914367F2871112300E887CC /* DetalleResponse.swift */ = {isa = PBXFileReference; lastKnownFileType = sourcecode.swift; path = DetalleResponse.swift; sourceTree = "<group>"; };
		891E17D92872347100C9D85A /* CryptoRepository.swift */ = {isa = PBXFileReference; lastKnownFileType = sourcecode.swift; path = CryptoRepository.swift; sourceTree = "<group>"; };
		891E17DB287237FA00C9D85A /* CryptoRemoteRepository.swift */ = {isa = PBXFileReference; lastKnownFileType = sourcecode.swift; path = CryptoRemoteRepository.swift; sourceTree = "<group>"; };
		893998472867AB44001B1461 /* Crypto.swift */ = {isa = PBXFileReference; lastKnownFileType = sourcecode.swift; path = Crypto.swift; sourceTree = "<group>"; };
		893998492867DF0F001B1461 /* ListaTableViewCell.swift */ = {isa = PBXFileReference; lastKnownFileType = sourcecode.swift; path = ListaTableViewCell.swift; sourceTree = "<group>"; };
		89493C942877F2F200DEEE8F /* LogueoAuthRepository.swift */ = {isa = PBXFileReference; lastKnownFileType = sourcecode.swift; path = LogueoAuthRepository.swift; sourceTree = "<group>"; };
		89493C962877F4A500DEEE8F /* RegistroRepositoryProtocol.swift */ = {isa = PBXFileReference; lastKnownFileType = sourcecode.swift; path = RegistroRepositoryProtocol.swift; sourceTree = "<group>"; };
		89493C982877F51700DEEE8F /* LogueoRepositoryProtocol.swift */ = {isa = PBXFileReference; lastKnownFileType = sourcecode.swift; path = LogueoRepositoryProtocol.swift; sourceTree = "<group>"; };
		89493C9A2877F98500DEEE8F /* RegistroAuthRepository.swift */ = {isa = PBXFileReference; lastKnownFileType = sourcecode.swift; path = RegistroAuthRepository.swift; sourceTree = "<group>"; };
		895A73B928692122006C79A2 /* GoogleService-Info.plist */ = {isa = PBXFileReference; fileEncoding = 4; lastKnownFileType = text.plist.xml; path = "GoogleService-Info.plist"; sourceTree = "<group>"; };
		8962688A285BE627003DDAA9 /* CryptoData.app */ = {isa = PBXFileReference; explicitFileType = wrapper.application; includeInIndex = 0; path = CryptoData.app; sourceTree = BUILT_PRODUCTS_DIR; };
		8962688D285BE627003DDAA9 /* AppDelegate.swift */ = {isa = PBXFileReference; lastKnownFileType = sourcecode.swift; path = AppDelegate.swift; sourceTree = "<group>"; };
		8962688F285BE627003DDAA9 /* SceneDelegate.swift */ = {isa = PBXFileReference; lastKnownFileType = sourcecode.swift; path = SceneDelegate.swift; sourceTree = "<group>"; };
		89626891285BE627003DDAA9 /* ViewController.swift */ = {isa = PBXFileReference; lastKnownFileType = sourcecode.swift; path = ViewController.swift; sourceTree = "<group>"; };
		89626894285BE627003DDAA9 /* Base */ = {isa = PBXFileReference; lastKnownFileType = file.storyboard; name = Base; path = Base.lproj/Main.storyboard; sourceTree = "<group>"; };
		89626896285BE628003DDAA9 /* Assets.xcassets */ = {isa = PBXFileReference; lastKnownFileType = folder.assetcatalog; path = Assets.xcassets; sourceTree = "<group>"; };
		89626899285BE628003DDAA9 /* Base */ = {isa = PBXFileReference; lastKnownFileType = file.storyboard; name = Base; path = Base.lproj/LaunchScreen.storyboard; sourceTree = "<group>"; };
		8962689B285BE628003DDAA9 /* Info.plist */ = {isa = PBXFileReference; lastKnownFileType = text.plist.xml; path = Info.plist; sourceTree = "<group>"; };
		8988DC32287A729000FC092E /* Usuario.swift */ = {isa = PBXFileReference; lastKnownFileType = sourcecode.swift; path = Usuario.swift; sourceTree = "<group>"; };
		8988DC34287A732900FC092E /* CryptoUsuario.swift */ = {isa = PBXFileReference; lastKnownFileType = sourcecode.swift; path = CryptoUsuario.swift; sourceTree = "<group>"; };
		8988DC36287A738E00FC092E /* DetalleHistorialUsuario.swift */ = {isa = PBXFileReference; lastKnownFileType = sourcecode.swift; path = DetalleHistorialUsuario.swift; sourceTree = "<group>"; };
		898B56322874F0E2008564F4 /* MensajeAlert.swift */ = {isa = PBXFileReference; lastKnownFileType = sourcecode.swift; path = MensajeAlert.swift; sourceTree = "<group>"; };
		898B5636287518FF008564F4 /* CryptoLocalRepository.swift */ = {isa = PBXFileReference; lastKnownFileType = sourcecode.swift; path = CryptoLocalRepository.swift; sourceTree = "<group>"; };
		898B5638287519E0008564F4 /* CryptoResponse.swift */ = {isa = PBXFileReference; lastKnownFileType = sourcecode.swift; path = CryptoResponse.swift; sourceTree = "<group>"; };
		898B563C28751A62008564F4 /* crypto_success_response.json */ = {isa = PBXFileReference; lastKnownFileType = text.json; path = crypto_success_response.json; sourceTree = "<group>"; };
		898B56402875E2C0008564F4 /* ResultadoListaTableViewCell.swift */ = {isa = PBXFileReference; lastKnownFileType = sourcecode.swift; path = ResultadoListaTableViewCell.swift; sourceTree = "<group>"; };
		898B564228763C14008564F4 /* ResultadoCryptoTableViewController.swift */ = {isa = PBXFileReference; lastKnownFileType = sourcecode.swift; path = ResultadoCryptoTableViewController.swift; sourceTree = "<group>"; };
		89AEE1D9287CB9FC0070D3EA /* HistorialCryptoTableViewController.swift */ = {isa = PBXFileReference; lastKnownFileType = sourcecode.swift; path = HistorialCryptoTableViewController.swift; sourceTree = "<group>"; };
		89AEE1DB287CCDCD0070D3EA /* HistorialCryptoTableViewCell.swift */ = {isa = PBXFileReference; lastKnownFileType = sourcecode.swift; path = HistorialCryptoTableViewCell.swift; sourceTree = "<group>"; };
		89B84EE32868125F00C619B6 /* Double.swift */ = {isa = PBXFileReference; lastKnownFileType = sourcecode.swift; path = Double.swift; sourceTree = "<group>"; };
		89DF29162871175100E06CFA /* detalle_success_response.json */ = {isa = PBXFileReference; lastKnownFileType = text.json; path = detalle_success_response.json; sourceTree = "<group>"; };
		89DF291E287146EE00E06CFA /* DetalleViewController.swift */ = {isa = PBXFileReference; lastKnownFileType = sourcecode.swift; path = DetalleViewController.swift; sourceTree = "<group>"; };
		89E46D97286622AA007199FD /* ListaCryptoViewController.swift */ = {isa = PBXFileReference; lastKnownFileType = sourcecode.swift; path = ListaCryptoViewController.swift; sourceTree = "<group>"; };
		EA1185D9FB34AED0DE1AC41D /* Pods-CryptoData.release.xcconfig */ = {isa = PBXFileReference; includeInIndex = 1; lastKnownFileType = text.xcconfig; name = "Pods-CryptoData.release.xcconfig"; path = "Target Support Files/Pods-CryptoData/Pods-CryptoData.release.xcconfig"; sourceTree = "<group>"; };
		FF9418B0B8DAE5CE057C266A /* Pods_CryptoData.framework */ = {isa = PBXFileReference; explicitFileType = wrapper.framework; includeInIndex = 0; path = Pods_CryptoData.framework; sourceTree = BUILT_PRODUCTS_DIR; };
/* End PBXFileReference section */

/* Begin PBXFrameworksBuildPhase section */
		89626887285BE627003DDAA9 /* Frameworks */ = {
			isa = PBXFrameworksBuildPhase;
			buildActionMask = 2147483647;
			files = (
				ED1312936EF513878C904C7B /* Pods_CryptoData.framework in Frameworks */,
			);
			runOnlyForDeploymentPostprocessing = 0;
		};
/* End PBXFrameworksBuildPhase section */

/* Begin PBXGroup section */
		778AA55C2531D702BC065220 /* Pods */ = {
			isa = PBXGroup;
			children = (
				3B63C34AC7166A9039276A3F /* Pods-CryptoData.debug.xcconfig */,
				EA1185D9FB34AED0DE1AC41D /* Pods-CryptoData.release.xcconfig */,
			);
			path = Pods;
			sourceTree = "<group>";
		};
		8914367A287102ED00E887CC /* Repository */ = {
			isa = PBXGroup;
			children = (
				8914367B2871033700E887CC /* DetalleRepository.swift */,
				8914367D2871046C00E887CC /* DetalleLocalRepository.swift */,
				891E17D92872347100C9D85A /* CryptoRepository.swift */,
				891E17DB287237FA00C9D85A /* CryptoRemoteRepository.swift */,
				898B5636287518FF008564F4 /* CryptoLocalRepository.swift */,
				89493C982877F51700DEEE8F /* LogueoRepositoryProtocol.swift */,
				89493C942877F2F200DEEE8F /* LogueoAuthRepository.swift */,
				89493C962877F4A500DEEE8F /* RegistroRepositoryProtocol.swift */,
				89493C9A2877F98500DEEE8F /* RegistroAuthRepository.swift */,
			);
			path = Repository;
			sourceTree = "<group>";
		};
		89626881285BE627003DDAA9 = {
			isa = PBXGroup;
			children = (
				8962688C285BE627003DDAA9 /* CryptoData */,
				8962688B285BE627003DDAA9 /* Products */,
				778AA55C2531D702BC065220 /* Pods */,
				F67A999EE7D17628326B276B /* Frameworks */,
			);
			sourceTree = "<group>";
		};
		8962688B285BE627003DDAA9 /* Products */ = {
			isa = PBXGroup;
			children = (
				8962688A285BE627003DDAA9 /* CryptoData.app */,
			);
			name = Products;
			sourceTree = "<group>";
		};
		8962688C285BE627003DDAA9 /* CryptoData */ = {
			isa = PBXGroup;
			children = (
				898B56352874FA9A008564F4 /* Fonts */,
				898B56312873B242008564F4 /* Data */,
				898B56302873B1FA008564F4 /* Model */,
				8914367A287102ED00E887CC /* Repository */,
				8962688D285BE627003DDAA9 /* AppDelegate.swift */,
				8962688F285BE627003DDAA9 /* SceneDelegate.swift */,
				89626891285BE627003DDAA9 /* ViewController.swift */,
				89107E9C28693F2A00C618FE /* LogueoViewController.swift */,
				89107E9E286946FA00C618FE /* RegistroViewController.swift */,
				89626893285BE627003DDAA9 /* Main.storyboard */,
				89626898285BE628003DDAA9 /* LaunchScreen.storyboard */,
				89E46D97286622AA007199FD /* ListaCryptoViewController.swift */,
				893998492867DF0F001B1461 /* ListaTableViewCell.swift */,
				89626896285BE628003DDAA9 /* Assets.xcassets */,
				8962689B285BE628003DDAA9 /* Info.plist */,
				895A73B928692122006C79A2 /* GoogleService-Info.plist */,
				89DF291E287146EE00E06CFA /* DetalleViewController.swift */,
				898B56322874F0E2008564F4 /* MensajeAlert.swift */,
				898B56402875E2C0008564F4 /* ResultadoListaTableViewCell.swift */,
				898B564228763C14008564F4 /* ResultadoCryptoTableViewController.swift */,
				890CF2E32877B5E100040C79 /* securecrypto.json */,
				890CF2E72877D88B00040C79 /* register.json */,
				89AEE1D9287CB9FC0070D3EA /* HistorialCryptoTableViewController.swift */,
				89AEE1DB287CCDCD0070D3EA /* HistorialCryptoTableViewCell.swift */,
			);
			path = CryptoData;
			sourceTree = "<group>";
		};
		898B56302873B1FA008564F4 /* Model */ = {
			isa = PBXGroup;
			children = (
				893998472867AB44001B1461 /* Crypto.swift */,
				891436722870F81300E887CC /* NoticiaCrypto.swift */,
				8914367F2871112300E887CC /* DetalleResponse.swift */,
				898B5638287519E0008564F4 /* CryptoResponse.swift */,
				8988DC32287A729000FC092E /* Usuario.swift */,
				8988DC34287A732900FC092E /* CryptoUsuario.swift */,
				8988DC36287A738E00FC092E /* DetalleHistorialUsuario.swift */,
			);
			path = Model;
			sourceTree = "<group>";
		};
		898B56312873B242008564F4 /* Data */ = {
			isa = PBXGroup;
			children = (
				89DF29162871175100E06CFA /* detalle_success_response.json */,
				898B563C28751A62008564F4 /* crypto_success_response.json */,
			);
			path = Data;
			sourceTree = "<group>";
		};
		898B56352874FA9A008564F4 /* Fonts */ = {
			isa = PBXGroup;
			children = (
				89B84EE32868125F00C619B6 /* Double.swift */,
			);
			path = Fonts;
			sourceTree = "<group>";
		};
		F67A999EE7D17628326B276B /* Frameworks */ = {
			isa = PBXGroup;
			children = (
				FF9418B0B8DAE5CE057C266A /* Pods_CryptoData.framework */,
			);
			name = Frameworks;
			sourceTree = "<group>";
		};
/* End PBXGroup section */

/* Begin PBXNativeTarget section */
		89626889285BE627003DDAA9 /* CryptoData */ = {
			isa = PBXNativeTarget;
			buildConfigurationList = 8962689E285BE628003DDAA9 /* Build configuration list for PBXNativeTarget "CryptoData" */;
			buildPhases = (
				233071CED28DDAC460CE73EC /* [CP] Check Pods Manifest.lock */,
				89626886285BE627003DDAA9 /* Sources */,
				89626887285BE627003DDAA9 /* Frameworks */,
				89626888285BE627003DDAA9 /* Resources */,
				E39A1BF7293FFD9413B982AA /* [CP] Embed Pods Frameworks */,
			);
			buildRules = (
			);
			dependencies = (
			);
			name = CryptoData;
			productName = CryptoData;
			productReference = 8962688A285BE627003DDAA9 /* CryptoData.app */;
			productType = "com.apple.product-type.application";
		};
/* End PBXNativeTarget section */

/* Begin PBXProject section */
		89626882285BE627003DDAA9 /* Project object */ = {
			isa = PBXProject;
			attributes = {
				BuildIndependentTargetsInParallel = 1;
				LastSwiftUpdateCheck = 1320;
				LastUpgradeCheck = 1320;
				TargetAttributes = {
					89626889285BE627003DDAA9 = {
						CreatedOnToolsVersion = 13.2.1;
					};
				};
			};
			buildConfigurationList = 89626885285BE627003DDAA9 /* Build configuration list for PBXProject "CryptoData" */;
			compatibilityVersion = "Xcode 13.0";
			developmentRegion = en;
			hasScannedForEncodings = 0;
			knownRegions = (
				en,
				Base,
			);
			mainGroup = 89626881285BE627003DDAA9;
			productRefGroup = 8962688B285BE627003DDAA9 /* Products */;
			projectDirPath = "";
			projectRoot = "";
			targets = (
				89626889285BE627003DDAA9 /* CryptoData */,
			);
		};
/* End PBXProject section */

/* Begin PBXResourcesBuildPhase section */
		89626888285BE627003DDAA9 /* Resources */ = {
			isa = PBXResourcesBuildPhase;
			buildActionMask = 2147483647;
			files = (
				898B563D28751A62008564F4 /* crypto_success_response.json in Resources */,
				8962689A285BE628003DDAA9 /* LaunchScreen.storyboard in Resources */,
				890CF2E82877D88B00040C79 /* register.json in Resources */,
				895A73BA28692122006C79A2 /* GoogleService-Info.plist in Resources */,
				89DF29172871175100E06CFA /* detalle_success_response.json in Resources */,
				89626897285BE628003DDAA9 /* Assets.xcassets in Resources */,
				89626895285BE627003DDAA9 /* Main.storyboard in Resources */,
				890CF2E42877B5E100040C79 /* securecrypto.json in Resources */,
			);
			runOnlyForDeploymentPostprocessing = 0;
		};
/* End PBXResourcesBuildPhase section */

/* Begin PBXShellScriptBuildPhase section */
		233071CED28DDAC460CE73EC /* [CP] Check Pods Manifest.lock */ = {
			isa = PBXShellScriptBuildPhase;
			buildActionMask = 2147483647;
			files = (
			);
			inputFileListPaths = (
			);
			inputPaths = (
				"${PODS_PODFILE_DIR_PATH}/Podfile.lock",
				"${PODS_ROOT}/Manifest.lock",
			);
			name = "[CP] Check Pods Manifest.lock";
			outputFileListPaths = (
			);
			outputPaths = (
				"$(DERIVED_FILE_DIR)/Pods-CryptoData-checkManifestLockResult.txt",
			);
			runOnlyForDeploymentPostprocessing = 0;
			shellPath = /bin/sh;
			shellScript = "diff \"${PODS_PODFILE_DIR_PATH}/Podfile.lock\" \"${PODS_ROOT}/Manifest.lock\" > /dev/null\nif [ $? != 0 ] ; then\n    # print error to STDERR\n    echo \"error: The sandbox is not in sync with the Podfile.lock. Run 'pod install' or update your CocoaPods installation.\" >&2\n    exit 1\nfi\n# This output is used by Xcode 'outputs' to avoid re-running this script phase.\necho \"SUCCESS\" > \"${SCRIPT_OUTPUT_FILE_0}\"\n";
			showEnvVarsInLog = 0;
		};
		E39A1BF7293FFD9413B982AA /* [CP] Embed Pods Frameworks */ = {
			isa = PBXShellScriptBuildPhase;
			buildActionMask = 2147483647;
			files = (
			);
			inputFileListPaths = (
				"${PODS_ROOT}/Target Support Files/Pods-CryptoData/Pods-CryptoData-frameworks-${CONFIGURATION}-input-files.xcfilelist",
			);
			name = "[CP] Embed Pods Frameworks";
			outputFileListPaths = (
				"${PODS_ROOT}/Target Support Files/Pods-CryptoData/Pods-CryptoData-frameworks-${CONFIGURATION}-output-files.xcfilelist",
			);
			runOnlyForDeploymentPostprocessing = 0;
			shellPath = /bin/sh;
			shellScript = "\"${PODS_ROOT}/Target Support Files/Pods-CryptoData/Pods-CryptoData-frameworks.sh\"\n";
			showEnvVarsInLog = 0;
		};
/* End PBXShellScriptBuildPhase section */

/* Begin PBXSourcesBuildPhase section */
		89626886285BE627003DDAA9 /* Sources */ = {
			isa = PBXSourcesBuildPhase;
			buildActionMask = 2147483647;
			files = (
				8988DC33287A729000FC092E /* Usuario.swift in Sources */,
				891436802871112300E887CC /* DetalleResponse.swift in Sources */,
				89493C972877F4A500DEEE8F /* RegistroRepositoryProtocol.swift in Sources */,
				89493C952877F2F200DEEE8F /* LogueoAuthRepository.swift in Sources */,
				8939984A2867DF0F001B1461 /* ListaTableViewCell.swift in Sources */,
				89493C992877F51700DEEE8F /* LogueoRepositoryProtocol.swift in Sources */,
				891E17DA2872347100C9D85A /* CryptoRepository.swift in Sources */,
				893998482867AB44001B1461 /* Crypto.swift in Sources */,
				898B5639287519E0008564F4 /* CryptoResponse.swift in Sources */,
				89493C9B2877F98500DEEE8F /* RegistroAuthRepository.swift in Sources */,
				898B56412875E2C0008564F4 /* ResultadoListaTableViewCell.swift in Sources */,
				891E17DC287237FA00C9D85A /* CryptoRemoteRepository.swift in Sources */,
				8988DC35287A732900FC092E /* CryptoUsuario.swift in Sources */,
				898B564328763C14008564F4 /* ResultadoCryptoTableViewController.swift in Sources */,
				89B84EE42868125F00C619B6 /* Double.swift in Sources */,
				89AEE1DA287CB9FC0070D3EA /* HistorialCryptoTableViewController.swift in Sources */,
				89AEE1DC287CCDCD0070D3EA /* HistorialCryptoTableViewCell.swift in Sources */,
				8914367E2871046C00E887CC /* DetalleLocalRepository.swift in Sources */,
				89107E9F286946FA00C618FE /* RegistroViewController.swift in Sources */,
				89DF291F287146EE00E06CFA /* DetalleViewController.swift in Sources */,
				89107E9D28693F2A00C618FE /* LogueoViewController.swift in Sources */,
				8988DC37287A738E00FC092E /* DetalleHistorialUsuario.swift in Sources */,
				8914367C2871033700E887CC /* DetalleRepository.swift in Sources */,
				89626892285BE627003DDAA9 /* ViewController.swift in Sources */,
				8962688E285BE627003DDAA9 /* AppDelegate.swift in Sources */,
				89626890285BE627003DDAA9 /* SceneDelegate.swift in Sources */,
				898B5637287518FF008564F4 /* CryptoLocalRepository.swift in Sources */,
				898B56332874F0E2008564F4 /* MensajeAlert.swift in Sources */,
				89E46D98286622AA007199FD /* ListaCryptoViewController.swift in Sources */,
				891436732870F81300E887CC /* NoticiaCrypto.swift in Sources */,
			);
			runOnlyForDeploymentPostprocessing = 0;
		};
/* End PBXSourcesBuildPhase section */

/* Begin PBXVariantGroup section */
		89626893285BE627003DDAA9 /* Main.storyboard */ = {
			isa = PBXVariantGroup;
			children = (
				89626894285BE627003DDAA9 /* Base */,
			);
			name = Main.storyboard;
			sourceTree = "<group>";
		};
		89626898285BE628003DDAA9 /* LaunchScreen.storyboard */ = {
			isa = PBXVariantGroup;
			children = (
				89626899285BE628003DDAA9 /* Base */,
			);
			name = LaunchScreen.storyboard;
			sourceTree = "<group>";
		};
/* End PBXVariantGroup section */

/* Begin XCBuildConfiguration section */
		8962689C285BE628003DDAA9 /* Debug */ = {
			isa = XCBuildConfiguration;
			buildSettings = {
				ALWAYS_SEARCH_USER_PATHS = NO;
				CLANG_ANALYZER_NONNULL = YES;
				CLANG_ANALYZER_NUMBER_OBJECT_CONVERSION = YES_AGGRESSIVE;
				CLANG_CXX_LANGUAGE_STANDARD = "gnu++17";
				CLANG_CXX_LIBRARY = "libc++";
				CLANG_ENABLE_MODULES = YES;
				CLANG_ENABLE_OBJC_ARC = YES;
				CLANG_ENABLE_OBJC_WEAK = YES;
				CLANG_WARN_BLOCK_CAPTURE_AUTORELEASING = YES;
				CLANG_WARN_BOOL_CONVERSION = YES;
				CLANG_WARN_COMMA = YES;
				CLANG_WARN_CONSTANT_CONVERSION = YES;
				CLANG_WARN_DEPRECATED_OBJC_IMPLEMENTATIONS = YES;
				CLANG_WARN_DIRECT_OBJC_ISA_USAGE = YES_ERROR;
				CLANG_WARN_DOCUMENTATION_COMMENTS = YES;
				CLANG_WARN_EMPTY_BODY = YES;
				CLANG_WARN_ENUM_CONVERSION = YES;
				CLANG_WARN_INFINITE_RECURSION = YES;
				CLANG_WARN_INT_CONVERSION = YES;
				CLANG_WARN_NON_LITERAL_NULL_CONVERSION = YES;
				CLANG_WARN_OBJC_IMPLICIT_RETAIN_SELF = YES;
				CLANG_WARN_OBJC_LITERAL_CONVERSION = YES;
				CLANG_WARN_OBJC_ROOT_CLASS = YES_ERROR;
				CLANG_WARN_QUOTED_INCLUDE_IN_FRAMEWORK_HEADER = YES;
				CLANG_WARN_RANGE_LOOP_ANALYSIS = YES;
				CLANG_WARN_STRICT_PROTOTYPES = YES;
				CLANG_WARN_SUSPICIOUS_MOVE = YES;
				CLANG_WARN_UNGUARDED_AVAILABILITY = YES_AGGRESSIVE;
				CLANG_WARN_UNREACHABLE_CODE = YES;
				CLANG_WARN__DUPLICATE_METHOD_MATCH = YES;
				COPY_PHASE_STRIP = NO;
				DEBUG_INFORMATION_FORMAT = dwarf;
				ENABLE_STRICT_OBJC_MSGSEND = YES;
				ENABLE_TESTABILITY = YES;
				GCC_C_LANGUAGE_STANDARD = gnu11;
				GCC_DYNAMIC_NO_PIC = NO;
				GCC_NO_COMMON_BLOCKS = YES;
				GCC_OPTIMIZATION_LEVEL = 0;
				GCC_PREPROCESSOR_DEFINITIONS = (
					"DEBUG=1",
					"$(inherited)",
				);
				GCC_WARN_64_TO_32_BIT_CONVERSION = YES;
				GCC_WARN_ABOUT_RETURN_TYPE = YES_ERROR;
				GCC_WARN_UNDECLARED_SELECTOR = YES;
				GCC_WARN_UNINITIALIZED_AUTOS = YES_AGGRESSIVE;
				GCC_WARN_UNUSED_FUNCTION = YES;
				GCC_WARN_UNUSED_VARIABLE = YES;
				IPHONEOS_DEPLOYMENT_TARGET = 15.2;
				MTL_ENABLE_DEBUG_INFO = INCLUDE_SOURCE;
				MTL_FAST_MATH = YES;
				ONLY_ACTIVE_ARCH = YES;
				SDKROOT = iphoneos;
				SWIFT_ACTIVE_COMPILATION_CONDITIONS = DEBUG;
				SWIFT_OPTIMIZATION_LEVEL = "-Onone";
			};
			name = Debug;
		};
		8962689D285BE628003DDAA9 /* Release */ = {
			isa = XCBuildConfiguration;
			buildSettings = {
				ALWAYS_SEARCH_USER_PATHS = NO;
				CLANG_ANALYZER_NONNULL = YES;
				CLANG_ANALYZER_NUMBER_OBJECT_CONVERSION = YES_AGGRESSIVE;
				CLANG_CXX_LANGUAGE_STANDARD = "gnu++17";
				CLANG_CXX_LIBRARY = "libc++";
				CLANG_ENABLE_MODULES = YES;
				CLANG_ENABLE_OBJC_ARC = YES;
				CLANG_ENABLE_OBJC_WEAK = YES;
				CLANG_WARN_BLOCK_CAPTURE_AUTORELEASING = YES;
				CLANG_WARN_BOOL_CONVERSION = YES;
				CLANG_WARN_COMMA = YES;
				CLANG_WARN_CONSTANT_CONVERSION = YES;
				CLANG_WARN_DEPRECATED_OBJC_IMPLEMENTATIONS = YES;
				CLANG_WARN_DIRECT_OBJC_ISA_USAGE = YES_ERROR;
				CLANG_WARN_DOCUMENTATION_COMMENTS = YES;
				CLANG_WARN_EMPTY_BODY = YES;
				CLANG_WARN_ENUM_CONVERSION = YES;
				CLANG_WARN_INFINITE_RECURSION = YES;
				CLANG_WARN_INT_CONVERSION = YES;
				CLANG_WARN_NON_LITERAL_NULL_CONVERSION = YES;
				CLANG_WARN_OBJC_IMPLICIT_RETAIN_SELF = YES;
				CLANG_WARN_OBJC_LITERAL_CONVERSION = YES;
				CLANG_WARN_OBJC_ROOT_CLASS = YES_ERROR;
				CLANG_WARN_QUOTED_INCLUDE_IN_FRAMEWORK_HEADER = YES;
				CLANG_WARN_RANGE_LOOP_ANALYSIS = YES;
				CLANG_WARN_STRICT_PROTOTYPES = YES;
				CLANG_WARN_SUSPICIOUS_MOVE = YES;
				CLANG_WARN_UNGUARDED_AVAILABILITY = YES_AGGRESSIVE;
				CLANG_WARN_UNREACHABLE_CODE = YES;
				CLANG_WARN__DUPLICATE_METHOD_MATCH = YES;
				COPY_PHASE_STRIP = NO;
				DEBUG_INFORMATION_FORMAT = "dwarf-with-dsym";
				ENABLE_NS_ASSERTIONS = NO;
				ENABLE_STRICT_OBJC_MSGSEND = YES;
				GCC_C_LANGUAGE_STANDARD = gnu11;
				GCC_NO_COMMON_BLOCKS = YES;
				GCC_WARN_64_TO_32_BIT_CONVERSION = YES;
				GCC_WARN_ABOUT_RETURN_TYPE = YES_ERROR;
				GCC_WARN_UNDECLARED_SELECTOR = YES;
				GCC_WARN_UNINITIALIZED_AUTOS = YES_AGGRESSIVE;
				GCC_WARN_UNUSED_FUNCTION = YES;
				GCC_WARN_UNUSED_VARIABLE = YES;
				IPHONEOS_DEPLOYMENT_TARGET = 15.2;
				MTL_ENABLE_DEBUG_INFO = NO;
				MTL_FAST_MATH = YES;
				SDKROOT = iphoneos;
				SWIFT_COMPILATION_MODE = wholemodule;
				SWIFT_OPTIMIZATION_LEVEL = "-O";
				VALIDATE_PRODUCT = YES;
			};
			name = Release;
		};
		8962689F285BE628003DDAA9 /* Debug */ = {
			isa = XCBuildConfiguration;
			baseConfigurationReference = 3B63C34AC7166A9039276A3F /* Pods-CryptoData.debug.xcconfig */;
			buildSettings = {
				ASSETCATALOG_COMPILER_APPICON_NAME = AppIcon;
				ASSETCATALOG_COMPILER_GLOBAL_ACCENT_COLOR_NAME = AccentColor;
				CODE_SIGN_STYLE = Automatic;
				CURRENT_PROJECT_VERSION = 1;
				GENERATE_INFOPLIST_FILE = YES;
				INFOPLIST_FILE = CryptoData/Info.plist;
				INFOPLIST_KEY_UIApplicationSupportsIndirectInputEvents = YES;
				INFOPLIST_KEY_UILaunchStoryboardName = LaunchScreen;
				INFOPLIST_KEY_UIMainStoryboardFile = Main;
				INFOPLIST_KEY_UISupportedInterfaceOrientations_iPad = "UIInterfaceOrientationPortrait UIInterfaceOrientationPortraitUpsideDown UIInterfaceOrientationLandscapeLeft UIInterfaceOrientationLandscapeRight";
				INFOPLIST_KEY_UISupportedInterfaceOrientations_iPhone = "UIInterfaceOrientationPortrait UIInterfaceOrientationLandscapeLeft UIInterfaceOrientationLandscapeRight";
				LD_RUNPATH_SEARCH_PATHS = (
					"$(inherited)",
					"@executable_path/Frameworks",
				);
				MARKETING_VERSION = 1.0;
				PRODUCT_BUNDLE_IDENTIFIER = pe.RodrigoAdautoPruebaNttdada.CryptoData;
				PRODUCT_NAME = "$(TARGET_NAME)";
				SWIFT_EMIT_LOC_STRINGS = YES;
				SWIFT_VERSION = 5.0;
				TARGETED_DEVICE_FAMILY = 1;
			};
			name = Debug;
		};
		896268A0285BE628003DDAA9 /* Release */ = {
			isa = XCBuildConfiguration;
			baseConfigurationReference = EA1185D9FB34AED0DE1AC41D /* Pods-CryptoData.release.xcconfig */;
			buildSettings = {
				ASSETCATALOG_COMPILER_APPICON_NAME = AppIcon;
				ASSETCATALOG_COMPILER_GLOBAL_ACCENT_COLOR_NAME = AccentColor;
				CODE_SIGN_STYLE = Automatic;
				CURRENT_PROJECT_VERSION = 1;
				GENERATE_INFOPLIST_FILE = YES;
				INFOPLIST_FILE = CryptoData/Info.plist;
				INFOPLIST_KEY_UIApplicationSupportsIndirectInputEvents = YES;
				INFOPLIST_KEY_UILaunchStoryboardName = LaunchScreen;
				INFOPLIST_KEY_UIMainStoryboardFile = Main;
				INFOPLIST_KEY_UISupportedInterfaceOrientations_iPad = "UIInterfaceOrientationPortrait UIInterfaceOrientationPortraitUpsideDown UIInterfaceOrientationLandscapeLeft UIInterfaceOrientationLandscapeRight";
				INFOPLIST_KEY_UISupportedInterfaceOrientations_iPhone = "UIInterfaceOrientationPortrait UIInterfaceOrientationLandscapeLeft UIInterfaceOrientationLandscapeRight";
				LD_RUNPATH_SEARCH_PATHS = (
					"$(inherited)",
					"@executable_path/Frameworks",
				);
				MARKETING_VERSION = 1.0;
				PRODUCT_BUNDLE_IDENTIFIER = pe.RodrigoAdautoPruebaNttdada.CryptoData;
				PRODUCT_NAME = "$(TARGET_NAME)";
				SWIFT_EMIT_LOC_STRINGS = YES;
				SWIFT_VERSION = 5.0;
				TARGETED_DEVICE_FAMILY = 1;
			};
			name = Release;
		};
/* End XCBuildConfiguration section */

/* Begin XCConfigurationList section */
		89626885285BE627003DDAA9 /* Build configuration list for PBXProject "CryptoData" */ = {
			isa = XCConfigurationList;
			buildConfigurations = (
				8962689C285BE628003DDAA9 /* Debug */,
				8962689D285BE628003DDAA9 /* Release */,
			);
			defaultConfigurationIsVisible = 0;
			defaultConfigurationName = Release;
		};
		8962689E285BE628003DDAA9 /* Build configuration list for PBXNativeTarget "CryptoData" */ = {
			isa = XCConfigurationList;
			buildConfigurations = (
				8962689F285BE628003DDAA9 /* Debug */,
				896268A0285BE628003DDAA9 /* Release */,
			);
			defaultConfigurationIsVisible = 0;
			defaultConfigurationName = Release;
		};
/* End XCConfigurationList section */
	};
	rootObject = 89626882285BE627003DDAA9 /* Project object */;
}
